// !$*UTF8*$!
{
	archiveVersion = 1;
	classes = {
	};
	objectVersion = 52;
	objects = {

/* Begin PBXBuildFile section */
		610BB2EE2525FE6E00C9A329 /* IpotekaView.swift in Sources */ = {isa = PBXBuildFile; fileRef = 610BB2ED2525FE6E00C9A329 /* IpotekaView.swift */; };
		611A5DD62535E51D00872513 /* overlay.json in Resources */ = {isa = PBXBuildFile; fileRef = 611A5DD52535E51C00872513 /* overlay.json */; };
		611A5DDF2535F85100872513 /* darkoverlay.json in Resources */ = {isa = PBXBuildFile; fileRef = 611A5DDE2535F85100872513 /* darkoverlay.json */; };
		611A5DF52536665100872513 /* FilterView.swift in Sources */ = {isa = PBXBuildFile; fileRef = 611A5DF42536665100872513 /* FilterView.swift */; };
		611A5DF925366EED00872513 /* To.swift in Sources */ = {isa = PBXBuildFile; fileRef = 611A5DF825366EED00872513 /* To.swift */; };
		61259149250AADFD00B62B75 /* MapView.swift in Sources */ = {isa = PBXBuildFile; fileRef = 61259148250AADFD00B62B75 /* MapView.swift */; };
		6130448F254384CE00807952 /* VRDestination.swift in Sources */ = {isa = PBXBuildFile; fileRef = 6130448E254384CE00807952 /* VRDestination.swift */; };
		61383185252F5393006A12D5 /* LoaderView.swift in Sources */ = {isa = PBXBuildFile; fileRef = 61383184252F5393006A12D5 /* LoaderView.swift */; };
		6138318F252F58E9006A12D5 /* GetFlatsData.swift in Sources */ = {isa = PBXBuildFile; fileRef = 6138318E252F58E9006A12D5 /* GetFlatsData.swift */; };
		613BD86D251374490000B9F8 /* SwiftUIMapView in Frameworks */ = {isa = PBXBuildFile; productRef = 613BD86C251374490000B9F8 /* SwiftUIMapView */; };
		613BD86F251383B40000B9F8 /* CustomAnnotationView.swift in Sources */ = {isa = PBXBuildFile; fileRef = 613BD86E251383B30000B9F8 /* CustomAnnotationView.swift */; };
		61432C3324EC91DF00E9A141 /* StoryTimer.swift in Sources */ = {isa = PBXBuildFile; fileRef = 61432C3124EC91DD00E9A141 /* StoryTimer.swift */; };
		61432C3424EC91DF00E9A141 /* LoadingRectangle.swift in Sources */ = {isa = PBXBuildFile; fileRef = 61432C3224EC91DF00E9A141 /* LoadingRectangle.swift */; };
		61432C3624EDC9EE00E9A141 /* StoryView.swift in Sources */ = {isa = PBXBuildFile; fileRef = 61432C3524EDC9EE00E9A141 /* StoryView.swift */; };
		61432C3824EE7B3700E9A141 /* SearchView.swift in Sources */ = {isa = PBXBuildFile; fileRef = 61432C3724EE7B3700E9A141 /* SearchView.swift */; };
		61432C3A24EEACA700E9A141 /* extensions.swift in Sources */ = {isa = PBXBuildFile; fileRef = 61432C3924EEACA600E9A141 /* extensions.swift */; };
		6146F306252205D500410573 /* SessionStore.swift in Sources */ = {isa = PBXBuildFile; fileRef = 6146F305252205D500410573 /* SessionStore.swift */; };
		6146F30A2522064000410573 /* LoginView.swift in Sources */ = {isa = PBXBuildFile; fileRef = 6146F3092522064000410573 /* LoginView.swift */; };
		6146F316252254CC00410573 /* InputMask in Frameworks */ = {isa = PBXBuildFile; productRef = 6146F315252254CC00410573 /* InputMask */; };
		6189144B253F21FD001914A8 /* CellObject.swift in Sources */ = {isa = PBXBuildFile; fileRef = 6189144A253F21FC001914A8 /* CellObject.swift */; };
		618DE305251F1E420045587E /* FirstLaunchView.swift in Sources */ = {isa = PBXBuildFile; fileRef = 618DE304251F1E420045587E /* FirstLaunchView.swift */; };
		619ABF2225431FBD00E2B4EE /* logomain.jpg in Resources */ = {isa = PBXBuildFile; fileRef = 619ABF2125431FBC00E2B4EE /* logomain.jpg */; };
		61A06B562510C49F0039ACD0 /* SDWebImageSwiftUI in Frameworks */ = {isa = PBXBuildFile; productRef = 61A06B552510C49F0039ACD0 /* SDWebImageSwiftUI */; };
		61A06B592510F54F0039ACD0 /* Alamofire in Frameworks */ = {isa = PBXBuildFile; productRef = 61A06B582510F54F0039ACD0 /* Alamofire */; };
		61A89C68251F45FB00883023 /* GoogleService-Info34.plist in Resources */ = {isa = PBXBuildFile; fileRef = 61A89C67251F45FB00883023 /* GoogleService-Info34.plist */; };
		61B0EF342507F04A0053A472 /* LoadStoryImage.swift in Sources */ = {isa = PBXBuildFile; fileRef = 61B0EF332507F04A0053A472 /* LoadStoryImage.swift */; };
		61B256EF2540281D001271D5 /* DetailFlatView.swift in Sources */ = {isa = PBXBuildFile; fileRef = 61B256EE2540281D001271D5 /* DetailFlatView.swift */; };
		61C3418224EC7A2F0065C5D4 /* AppDelegate.swift in Sources */ = {isa = PBXBuildFile; fileRef = 61C3418124EC7A2F0065C5D4 /* AppDelegate.swift */; };
		61C3418424EC7A2F0065C5D4 /* SceneDelegate.swift in Sources */ = {isa = PBXBuildFile; fileRef = 61C3418324EC7A2F0065C5D4 /* SceneDelegate.swift */; };
		61C3418624EC7A2F0065C5D4 /* ContentView.swift in Sources */ = {isa = PBXBuildFile; fileRef = 61C3418524EC7A2F0065C5D4 /* ContentView.swift */; };
		61C3418824EC7A3A0065C5D4 /* Assets.xcassets in Resources */ = {isa = PBXBuildFile; fileRef = 61C3418724EC7A3A0065C5D4 /* Assets.xcassets */; };
		61C3418B24EC7A3A0065C5D4 /* Preview Assets.xcassets in Resources */ = {isa = PBXBuildFile; fileRef = 61C3418A24EC7A3A0065C5D4 /* Preview Assets.xcassets */; };
		61C3418E24EC7A3A0065C5D4 /* LaunchScreen.storyboard in Resources */ = {isa = PBXBuildFile; fileRef = 61C3418C24EC7A3A0065C5D4 /* LaunchScreen.storyboard */; };
		61C3419924EC7A3B0065C5D4 /* com_arrrink_StreetArtMarketplaceTests.swift in Sources */ = {isa = PBXBuildFile; fileRef = 61C3419824EC7A3B0065C5D4 /* com_arrrink_StreetArtMarketplaceTests.swift */; };
		61C341A424EC7A3B0065C5D4 /* com_arrrink_StreetArtMarketplaceUITests.swift in Sources */ = {isa = PBXBuildFile; fileRef = 61C341A324EC7A3B0065C5D4 /* com_arrrink_StreetArtMarketplaceUITests.swift */; };
		61C91CB72541DB4600DF6B85 /* Pages in Frameworks */ = {isa = PBXBuildFile; productRef = 61C91CB62541DB4600DF6B85 /* Pages */; };
		61C91D1025430D8800DF6B85 /* ARViewController.swift in Sources */ = {isa = PBXBuildFile; fileRef = 61C91D0F25430D8800DF6B85 /* ARViewController.swift */; };
		61C91D562543167E00DF6B85 /* main.storyboard in Resources */ = {isa = PBXBuildFile; fileRef = 61C91D552543167D00DF6B85 /* main.storyboard */; };
		61CC2207254030EB002E3E03 /* launchscreen3.PNG in Resources */ = {isa = PBXBuildFile; fileRef = 61CC2206254030EA002E3E03 /* launchscreen3.PNG */; };
		61CC220B25403201002E3E03 /* launchscreen4.PNG in Resources */ = {isa = PBXBuildFile; fileRef = 61CC220A254031FF002E3E03 /* launchscreen4.PNG */; };
		61CC2211254095D6002E3E03 /* CellFlat.swift in Sources */ = {isa = PBXBuildFile; fileRef = 61CC2210254095D6002E3E03 /* CellFlat.swift */; };
		61EFD8342535A2F600F21580 /* GoogleService-Info.plist in Resources */ = {isa = PBXBuildFile; fileRef = 61EFD8332535A2F600F21580 /* GoogleService-Info.plist */; };
		850B24B8CAB820580764AB3E /* Pods_com_arrrink_StreetArtMarketplaceTests.framework in Frameworks */ = {isa = PBXBuildFile; fileRef = 88CC2AC90F36BCD3DE40CFB1 /* Pods_com_arrrink_StreetArtMarketplaceTests.framework */; };
		9649EDCB79E2CE38F91877D8 /* Pods_com_arrrink_StreetArtMarketplace_com_arrrink_StreetArtMarketplaceUITests.framework in Frameworks */ = {isa = PBXBuildFile; fileRef = A9DC6E04FCBF50B4C7794664 /* Pods_com_arrrink_StreetArtMarketplace_com_arrrink_StreetArtMarketplaceUITests.framework */; };
		E34B341D412C0BD25FC40B91 /* Pods_com_arrrink_StreetArtMarketplace.framework in Frameworks */ = {isa = PBXBuildFile; fileRef = FB08B99CF6EE13D396BE9180 /* Pods_com_arrrink_StreetArtMarketplace.framework */; };
/* End PBXBuildFile section */

/* Begin PBXContainerItemProxy section */
		61C3419524EC7A3B0065C5D4 /* PBXContainerItemProxy */ = {
			isa = PBXContainerItemProxy;
			containerPortal = 61C3417624EC7A2E0065C5D4 /* Project object */;
			proxyType = 1;
			remoteGlobalIDString = 61C3417D24EC7A2F0065C5D4;
			remoteInfo = com.arrrink.StreetArtMarketplace;
		};
		61C341A024EC7A3B0065C5D4 /* PBXContainerItemProxy */ = {
			isa = PBXContainerItemProxy;
			containerPortal = 61C3417624EC7A2E0065C5D4 /* Project object */;
			proxyType = 1;
			remoteGlobalIDString = 61C3417D24EC7A2F0065C5D4;
			remoteInfo = com.arrrink.StreetArtMarketplace;
		};
/* End PBXContainerItemProxy section */

/* Begin PBXCopyFilesBuildPhase section */
		611B52892507CDD50049F9A4 /* Embed Frameworks */ = {
			isa = PBXCopyFilesBuildPhase;
			buildActionMask = 2147483647;
			dstPath = "";
			dstSubfolderSpec = 10;
			files = (
			);
			name = "Embed Frameworks";
			runOnlyForDeploymentPostprocessing = 0;
		};
/* End PBXCopyFilesBuildPhase section */

/* Begin PBXFileReference section */
		2254579784634310ED6AC71B /* Pods-com.arrrink.StreetArtMarketplaceTests.release.xcconfig */ = {isa = PBXFileReference; includeInIndex = 1; lastKnownFileType = text.xcconfig; name = "Pods-com.arrrink.StreetArtMarketplaceTests.release.xcconfig"; path = "Target Support Files/Pods-com.arrrink.StreetArtMarketplaceTests/Pods-com.arrrink.StreetArtMarketplaceTests.release.xcconfig"; sourceTree = "<group>"; };
		2F5AAB612638E605DFB4B28C /* Pods-com.arrrink.StreetArtMarketplace-com.arrrink.StreetArtMarketplaceUITests.release.xcconfig */ = {isa = PBXFileReference; includeInIndex = 1; lastKnownFileType = text.xcconfig; name = "Pods-com.arrrink.StreetArtMarketplace-com.arrrink.StreetArtMarketplaceUITests.release.xcconfig"; path = "Target Support Files/Pods-com.arrrink.StreetArtMarketplace-com.arrrink.StreetArtMarketplaceUITests/Pods-com.arrrink.StreetArtMarketplace-com.arrrink.StreetArtMarketplaceUITests.release.xcconfig"; sourceTree = "<group>"; };
		610BB2ED2525FE6E00C9A329 /* IpotekaView.swift */ = {isa = PBXFileReference; lastKnownFileType = sourcecode.swift; path = IpotekaView.swift; sourceTree = "<group>"; };
		611A5DD52535E51C00872513 /* overlay.json */ = {isa = PBXFileReference; lastKnownFileType = text.json; path = overlay.json; sourceTree = "<group>"; };
		611A5DDE2535F85100872513 /* darkoverlay.json */ = {isa = PBXFileReference; lastKnownFileType = text.json; path = darkoverlay.json; sourceTree = "<group>"; };
		611A5DF42536665100872513 /* FilterView.swift */ = {isa = PBXFileReference; lastKnownFileType = sourcecode.swift; path = FilterView.swift; sourceTree = "<group>"; };
		611A5DF825366EED00872513 /* To.swift */ = {isa = PBXFileReference; lastKnownFileType = sourcecode.swift; path = To.swift; sourceTree = "<group>"; };
		61259148250AADFD00B62B75 /* MapView.swift */ = {isa = PBXFileReference; lastKnownFileType = sourcecode.swift; path = MapView.swift; sourceTree = "<group>"; };
		6130448E254384CE00807952 /* VRDestination.swift */ = {isa = PBXFileReference; lastKnownFileType = sourcecode.swift; path = VRDestination.swift; sourceTree = "<group>"; };
		61383184252F5393006A12D5 /* LoaderView.swift */ = {isa = PBXFileReference; lastKnownFileType = sourcecode.swift; path = LoaderView.swift; sourceTree = "<group>"; };
		6138318E252F58E9006A12D5 /* GetFlatsData.swift */ = {isa = PBXFileReference; lastKnownFileType = sourcecode.swift; path = GetFlatsData.swift; sourceTree = "<group>"; };
		613BD86E251383B30000B9F8 /* CustomAnnotationView.swift */ = {isa = PBXFileReference; lastKnownFileType = sourcecode.swift; path = CustomAnnotationView.swift; sourceTree = "<group>"; };
		61432C3124EC91DD00E9A141 /* StoryTimer.swift */ = {isa = PBXFileReference; fileEncoding = 4; lastKnownFileType = sourcecode.swift; path = StoryTimer.swift; sourceTree = "<group>"; };
		61432C3224EC91DF00E9A141 /* LoadingRectangle.swift */ = {isa = PBXFileReference; fileEncoding = 4; lastKnownFileType = sourcecode.swift; path = LoadingRectangle.swift; sourceTree = "<group>"; };
		61432C3524EDC9EE00E9A141 /* StoryView.swift */ = {isa = PBXFileReference; lastKnownFileType = sourcecode.swift; path = StoryView.swift; sourceTree = "<group>"; };
		61432C3724EE7B3700E9A141 /* SearchView.swift */ = {isa = PBXFileReference; lastKnownFileType = sourcecode.swift; path = SearchView.swift; sourceTree = "<group>"; };
		61432C3924EEACA600E9A141 /* extensions.swift */ = {isa = PBXFileReference; lastKnownFileType = sourcecode.swift; path = extensions.swift; sourceTree = "<group>"; };
		6146F305252205D500410573 /* SessionStore.swift */ = {isa = PBXFileReference; lastKnownFileType = sourcecode.swift; path = SessionStore.swift; sourceTree = "<group>"; };
		6146F3092522064000410573 /* LoginView.swift */ = {isa = PBXFileReference; lastKnownFileType = sourcecode.swift; path = LoginView.swift; sourceTree = "<group>"; };
		6189144A253F21FC001914A8 /* CellObject.swift */ = {isa = PBXFileReference; lastKnownFileType = sourcecode.swift; path = CellObject.swift; sourceTree = "<group>"; };
		618DE304251F1E420045587E /* FirstLaunchView.swift */ = {isa = PBXFileReference; lastKnownFileType = sourcecode.swift; path = FirstLaunchView.swift; sourceTree = "<group>"; };
		619ABF2125431FBC00E2B4EE /* logomain.jpg */ = {isa = PBXFileReference; lastKnownFileType = image.jpeg; path = logomain.jpg; sourceTree = "<group>"; };
		61A89C67251F45FB00883023 /* GoogleService-Info34.plist */ = {isa = PBXFileReference; fileEncoding = 4; lastKnownFileType = text.plist.xml; path = "GoogleService-Info34.plist"; sourceTree = "<group>"; };
		61B0EF332507F04A0053A472 /* LoadStoryImage.swift */ = {isa = PBXFileReference; lastKnownFileType = sourcecode.swift; path = LoadStoryImage.swift; sourceTree = "<group>"; };
		61B256EE2540281D001271D5 /* DetailFlatView.swift */ = {isa = PBXFileReference; lastKnownFileType = sourcecode.swift; path = DetailFlatView.swift; sourceTree = "<group>"; };
		61C3417E24EC7A2F0065C5D4 /* AN78.app */ = {isa = PBXFileReference; explicitFileType = wrapper.application; includeInIndex = 0; path = AN78.app; sourceTree = BUILT_PRODUCTS_DIR; };
		61C3418124EC7A2F0065C5D4 /* AppDelegate.swift */ = {isa = PBXFileReference; lastKnownFileType = sourcecode.swift; path = AppDelegate.swift; sourceTree = "<group>"; };
		61C3418324EC7A2F0065C5D4 /* SceneDelegate.swift */ = {isa = PBXFileReference; lastKnownFileType = sourcecode.swift; path = SceneDelegate.swift; sourceTree = "<group>"; };
		61C3418524EC7A2F0065C5D4 /* ContentView.swift */ = {isa = PBXFileReference; lastKnownFileType = sourcecode.swift; path = ContentView.swift; sourceTree = "<group>"; };
		61C3418724EC7A3A0065C5D4 /* Assets.xcassets */ = {isa = PBXFileReference; lastKnownFileType = folder.assetcatalog; path = Assets.xcassets; sourceTree = "<group>"; };
		61C3418A24EC7A3A0065C5D4 /* Preview Assets.xcassets */ = {isa = PBXFileReference; lastKnownFileType = folder.assetcatalog; path = "Preview Assets.xcassets"; sourceTree = "<group>"; };
		61C3418D24EC7A3A0065C5D4 /* Base */ = {isa = PBXFileReference; lastKnownFileType = file.storyboard; name = Base; path = Base.lproj/LaunchScreen.storyboard; sourceTree = "<group>"; };
		61C3418F24EC7A3A0065C5D4 /* Info.plist */ = {isa = PBXFileReference; lastKnownFileType = text.plist.xml; path = Info.plist; sourceTree = "<group>"; };
		61C3419424EC7A3B0065C5D4 /* com.arrrink.StreetArtMarketplaceTests.xctest */ = {isa = PBXFileReference; explicitFileType = wrapper.cfbundle; includeInIndex = 0; path = com.arrrink.StreetArtMarketplaceTests.xctest; sourceTree = BUILT_PRODUCTS_DIR; };
		61C3419824EC7A3B0065C5D4 /* com_arrrink_StreetArtMarketplaceTests.swift */ = {isa = PBXFileReference; lastKnownFileType = sourcecode.swift; path = com_arrrink_StreetArtMarketplaceTests.swift; sourceTree = "<group>"; };
		61C3419A24EC7A3B0065C5D4 /* Info.plist */ = {isa = PBXFileReference; lastKnownFileType = text.plist.xml; path = Info.plist; sourceTree = "<group>"; };
		61C3419F24EC7A3B0065C5D4 /* com.arrrink.StreetArtMarketplaceUITests.xctest */ = {isa = PBXFileReference; explicitFileType = wrapper.cfbundle; includeInIndex = 0; path = com.arrrink.StreetArtMarketplaceUITests.xctest; sourceTree = BUILT_PRODUCTS_DIR; };
		61C341A324EC7A3B0065C5D4 /* com_arrrink_StreetArtMarketplaceUITests.swift */ = {isa = PBXFileReference; lastKnownFileType = sourcecode.swift; path = com_arrrink_StreetArtMarketplaceUITests.swift; sourceTree = "<group>"; };
		61C341A524EC7A3B0065C5D4 /* Info.plist */ = {isa = PBXFileReference; lastKnownFileType = text.plist.xml; path = Info.plist; sourceTree = "<group>"; };
		61C91D0F25430D8800DF6B85 /* ARViewController.swift */ = {isa = PBXFileReference; lastKnownFileType = sourcecode.swift; path = ARViewController.swift; sourceTree = "<group>"; };
		61C91D552543167D00DF6B85 /* main.storyboard */ = {isa = PBXFileReference; lastKnownFileType = file.storyboard; path = main.storyboard; sourceTree = "<group>"; };
		61CC2206254030EA002E3E03 /* launchscreen3.PNG */ = {isa = PBXFileReference; lastKnownFileType = image.png; path = launchscreen3.PNG; sourceTree = "<group>"; };
		61CC220A254031FF002E3E03 /* launchscreen4.PNG */ = {isa = PBXFileReference; lastKnownFileType = image.png; path = launchscreen4.PNG; sourceTree = "<group>"; };
		61CC2210254095D6002E3E03 /* CellFlat.swift */ = {isa = PBXFileReference; lastKnownFileType = sourcecode.swift; path = CellFlat.swift; sourceTree = "<group>"; };
		61EFD8332535A2F600F21580 /* GoogleService-Info.plist */ = {isa = PBXFileReference; fileEncoding = 4; lastKnownFileType = text.plist.xml; path = "GoogleService-Info.plist"; sourceTree = "<group>"; };
		88CC2AC90F36BCD3DE40CFB1 /* Pods_com_arrrink_StreetArtMarketplaceTests.framework */ = {isa = PBXFileReference; explicitFileType = wrapper.framework; includeInIndex = 0; path = Pods_com_arrrink_StreetArtMarketplaceTests.framework; sourceTree = BUILT_PRODUCTS_DIR; };
		A9DC6E04FCBF50B4C7794664 /* Pods_com_arrrink_StreetArtMarketplace_com_arrrink_StreetArtMarketplaceUITests.framework */ = {isa = PBXFileReference; explicitFileType = wrapper.framework; includeInIndex = 0; path = Pods_com_arrrink_StreetArtMarketplace_com_arrrink_StreetArtMarketplaceUITests.framework; sourceTree = BUILT_PRODUCTS_DIR; };
		ABE27AE7DA71E9A669675AA8 /* Pods-com.arrrink.StreetArtMarketplace-com.arrrink.StreetArtMarketplaceUITests.debug.xcconfig */ = {isa = PBXFileReference; includeInIndex = 1; lastKnownFileType = text.xcconfig; name = "Pods-com.arrrink.StreetArtMarketplace-com.arrrink.StreetArtMarketplaceUITests.debug.xcconfig"; path = "Target Support Files/Pods-com.arrrink.StreetArtMarketplace-com.arrrink.StreetArtMarketplaceUITests/Pods-com.arrrink.StreetArtMarketplace-com.arrrink.StreetArtMarketplaceUITests.debug.xcconfig"; sourceTree = "<group>"; };
		BB5FCF3CBFC3DDD7DFB99F04 /* Pods-com.arrrink.StreetArtMarketplace.debug.xcconfig */ = {isa = PBXFileReference; includeInIndex = 1; lastKnownFileType = text.xcconfig; name = "Pods-com.arrrink.StreetArtMarketplace.debug.xcconfig"; path = "Target Support Files/Pods-com.arrrink.StreetArtMarketplace/Pods-com.arrrink.StreetArtMarketplace.debug.xcconfig"; sourceTree = "<group>"; };
		E5951982F7E242273A705EF6 /* Pods-com.arrrink.StreetArtMarketplaceTests.debug.xcconfig */ = {isa = PBXFileReference; includeInIndex = 1; lastKnownFileType = text.xcconfig; name = "Pods-com.arrrink.StreetArtMarketplaceTests.debug.xcconfig"; path = "Target Support Files/Pods-com.arrrink.StreetArtMarketplaceTests/Pods-com.arrrink.StreetArtMarketplaceTests.debug.xcconfig"; sourceTree = "<group>"; };
		F2D5D770B730FE27B6AA97B7 /* Pods-com.arrrink.StreetArtMarketplace.release.xcconfig */ = {isa = PBXFileReference; includeInIndex = 1; lastKnownFileType = text.xcconfig; name = "Pods-com.arrrink.StreetArtMarketplace.release.xcconfig"; path = "Target Support Files/Pods-com.arrrink.StreetArtMarketplace/Pods-com.arrrink.StreetArtMarketplace.release.xcconfig"; sourceTree = "<group>"; };
		FB08B99CF6EE13D396BE9180 /* Pods_com_arrrink_StreetArtMarketplace.framework */ = {isa = PBXFileReference; explicitFileType = wrapper.framework; includeInIndex = 0; path = Pods_com_arrrink_StreetArtMarketplace.framework; sourceTree = BUILT_PRODUCTS_DIR; };
/* End PBXFileReference section */

/* Begin PBXFrameworksBuildPhase section */
		61C3417B24EC7A2F0065C5D4 /* Frameworks */ = {
			isa = PBXFrameworksBuildPhase;
			buildActionMask = 2147483647;
			files = (
				61A06B592510F54F0039ACD0 /* Alamofire in Frameworks */,
				61A06B562510C49F0039ACD0 /* SDWebImageSwiftUI in Frameworks */,
				6146F316252254CC00410573 /* InputMask in Frameworks */,
				61C91CB72541DB4600DF6B85 /* Pages in Frameworks */,
				613BD86D251374490000B9F8 /* SwiftUIMapView in Frameworks */,
				E34B341D412C0BD25FC40B91 /* Pods_com_arrrink_StreetArtMarketplace.framework in Frameworks */,
			);
			runOnlyForDeploymentPostprocessing = 0;
		};
		61C3419124EC7A3B0065C5D4 /* Frameworks */ = {
			isa = PBXFrameworksBuildPhase;
			buildActionMask = 2147483647;
			files = (
				850B24B8CAB820580764AB3E /* Pods_com_arrrink_StreetArtMarketplaceTests.framework in Frameworks */,
			);
			runOnlyForDeploymentPostprocessing = 0;
		};
		61C3419C24EC7A3B0065C5D4 /* Frameworks */ = {
			isa = PBXFrameworksBuildPhase;
			buildActionMask = 2147483647;
			files = (
				9649EDCB79E2CE38F91877D8 /* Pods_com_arrrink_StreetArtMarketplace_com_arrrink_StreetArtMarketplaceUITests.framework in Frameworks */,
			);
			runOnlyForDeploymentPostprocessing = 0;
		};
/* End PBXFrameworksBuildPhase section */

/* Begin PBXGroup section */
		0DD3FF37F0F7AD8C4A5D98C8 /* Pods */ = {
			isa = PBXGroup;
			children = (
				BB5FCF3CBFC3DDD7DFB99F04 /* Pods-com.arrrink.StreetArtMarketplace.debug.xcconfig */,
				F2D5D770B730FE27B6AA97B7 /* Pods-com.arrrink.StreetArtMarketplace.release.xcconfig */,
				ABE27AE7DA71E9A669675AA8 /* Pods-com.arrrink.StreetArtMarketplace-com.arrrink.StreetArtMarketplaceUITests.debug.xcconfig */,
				2F5AAB612638E605DFB4B28C /* Pods-com.arrrink.StreetArtMarketplace-com.arrrink.StreetArtMarketplaceUITests.release.xcconfig */,
				E5951982F7E242273A705EF6 /* Pods-com.arrrink.StreetArtMarketplaceTests.debug.xcconfig */,
				2254579784634310ED6AC71B /* Pods-com.arrrink.StreetArtMarketplaceTests.release.xcconfig */,
			);
			path = Pods;
			sourceTree = "<group>";
		};
		52BCEB9FA493631CAD622ED7 /* Frameworks */ = {
			isa = PBXGroup;
			children = (
				FB08B99CF6EE13D396BE9180 /* Pods_com_arrrink_StreetArtMarketplace.framework */,
				A9DC6E04FCBF50B4C7794664 /* Pods_com_arrrink_StreetArtMarketplace_com_arrrink_StreetArtMarketplaceUITests.framework */,
				88CC2AC90F36BCD3DE40CFB1 /* Pods_com_arrrink_StreetArtMarketplaceTests.framework */,
			);
			name = Frameworks;
			sourceTree = "<group>";
		};
		61383176252F5265006A12D5 /* StoriesStyle */ = {
			isa = PBXGroup;
			children = (
				61B0EF332507F04A0053A472 /* LoadStoryImage.swift */,
				618DE304251F1E420045587E /* FirstLaunchView.swift */,
				61432C3524EDC9EE00E9A141 /* StoryView.swift */,
				61432C3224EC91DF00E9A141 /* LoadingRectangle.swift */,
				61432C3124EC91DD00E9A141 /* StoryTimer.swift */,
			);
			path = StoriesStyle;
			sourceTree = "<group>";
		};
		61383179252F52A1006A12D5 /* Assets */ = {
			isa = PBXGroup;
			children = (
				61C3418724EC7A3A0065C5D4 /* Assets.xcassets */,
				61CC2206254030EA002E3E03 /* launchscreen3.PNG */,
				61CC220A254031FF002E3E03 /* launchscreen4.PNG */,
			);
			path = Assets;
			sourceTree = "<group>";
		};
		6138317C252F530B006A12D5 /* Auth */ = {
			isa = PBXGroup;
			children = (
				6146F3092522064000410573 /* LoginView.swift */,
				6146F305252205D500410573 /* SessionStore.swift */,
			);
			path = Auth;
			sourceTree = "<group>";
		};
		6138317D252F5338006A12D5 /* MVVM */ = {
			isa = PBXGroup;
			children = (
				61C3418524EC7A2F0065C5D4 /* ContentView.swift */,
				610BB2ED2525FE6E00C9A329 /* IpotekaView.swift */,
				61432C3724EE7B3700E9A141 /* SearchView.swift */,
				61B256EE2540281D001271D5 /* DetailFlatView.swift */,
				6130448E254384CE00807952 /* VRDestination.swift */,
				61C91D0F25430D8800DF6B85 /* ARViewController.swift */,
				61CC2210254095D6002E3E03 /* CellFlat.swift */,
				6189144A253F21FC001914A8 /* CellObject.swift */,
				619ABF2125431FBC00E2B4EE /* logomain.jpg */,
				611A5DF42536665100872513 /* FilterView.swift */,
				611A5DF825366EED00872513 /* To.swift */,
				611A5DD52535E51C00872513 /* overlay.json */,
				61259148250AADFD00B62B75 /* MapView.swift */,
				6138318E252F58E9006A12D5 /* GetFlatsData.swift */,
				61C91D552543167D00DF6B85 /* main.storyboard */,
				611A5DDE2535F85100872513 /* darkoverlay.json */,
			);
			path = MVVM;
			sourceTree = "<group>";
		};
		613BD87025138C180000B9F8 /* Annotations */ = {
			isa = PBXGroup;
			children = (
				613BD86E251383B30000B9F8 /* CustomAnnotationView.swift */,
			);
			path = Annotations;
			sourceTree = "<group>";
		};
		61C3417524EC7A2E0065C5D4 = {
			isa = PBXGroup;
			children = (
				61C3418024EC7A2F0065C5D4 /* com.arrrink.StreetArtMarketplace */,
				61C3419724EC7A3B0065C5D4 /* com.arrrink.StreetArtMarketplaceTests */,
				61C341A224EC7A3B0065C5D4 /* com.arrrink.StreetArtMarketplaceUITests */,
				61C3417F24EC7A2F0065C5D4 /* Products */,
				0DD3FF37F0F7AD8C4A5D98C8 /* Pods */,
				52BCEB9FA493631CAD622ED7 /* Frameworks */,
			);
			sourceTree = "<group>";
		};
		61C3417F24EC7A2F0065C5D4 /* Products */ = {
			isa = PBXGroup;
			children = (
				61C3417E24EC7A2F0065C5D4 /* AN78.app */,
				61C3419424EC7A3B0065C5D4 /* com.arrrink.StreetArtMarketplaceTests.xctest */,
				61C3419F24EC7A3B0065C5D4 /* com.arrrink.StreetArtMarketplaceUITests.xctest */,
			);
			name = Products;
			sourceTree = "<group>";
		};
		61C3418024EC7A2F0065C5D4 /* com.arrrink.StreetArtMarketplace */ = {
			isa = PBXGroup;
			children = (
				61C3418124EC7A2F0065C5D4 /* AppDelegate.swift */,
				61C3418324EC7A2F0065C5D4 /* SceneDelegate.swift */,
				61383184252F5393006A12D5 /* LoaderView.swift */,
				61432C3924EEACA600E9A141 /* extensions.swift */,
				6138317D252F5338006A12D5 /* MVVM */,
				61A89C67251F45FB00883023 /* GoogleService-Info34.plist */,
				61EFD8332535A2F600F21580 /* GoogleService-Info.plist */,
				61C3418F24EC7A3A0065C5D4 /* Info.plist */,
				61C3418C24EC7A3A0065C5D4 /* LaunchScreen.storyboard */,
				6138317C252F530B006A12D5 /* Auth */,
				61383176252F5265006A12D5 /* StoriesStyle */,
				613BD87025138C180000B9F8 /* Annotations */,
				61383179252F52A1006A12D5 /* Assets */,
				61C3418924EC7A3A0065C5D4 /* Preview Content */,
			);
			path = com.arrrink.StreetArtMarketplace;
			sourceTree = "<group>";
		};
		61C3418924EC7A3A0065C5D4 /* Preview Content */ = {
			isa = PBXGroup;
			children = (
				61C3418A24EC7A3A0065C5D4 /* Preview Assets.xcassets */,
			);
			path = "Preview Content";
			sourceTree = "<group>";
		};
		61C3419724EC7A3B0065C5D4 /* com.arrrink.StreetArtMarketplaceTests */ = {
			isa = PBXGroup;
			children = (
				61C3419824EC7A3B0065C5D4 /* com_arrrink_StreetArtMarketplaceTests.swift */,
				61C3419A24EC7A3B0065C5D4 /* Info.plist */,
			);
			path = com.arrrink.StreetArtMarketplaceTests;
			sourceTree = "<group>";
		};
		61C341A224EC7A3B0065C5D4 /* com.arrrink.StreetArtMarketplaceUITests */ = {
			isa = PBXGroup;
			children = (
				61C341A324EC7A3B0065C5D4 /* com_arrrink_StreetArtMarketplaceUITests.swift */,
				61C341A524EC7A3B0065C5D4 /* Info.plist */,
			);
			path = com.arrrink.StreetArtMarketplaceUITests;
			sourceTree = "<group>";
		};
/* End PBXGroup section */

/* Begin PBXNativeTarget section */
		61C3417D24EC7A2F0065C5D4 /* com.arrrink.StreetArtMarketplace */ = {
			isa = PBXNativeTarget;
			buildConfigurationList = 61C341A824EC7A3B0065C5D4 /* Build configuration list for PBXNativeTarget "com.arrrink.StreetArtMarketplace" */;
			buildPhases = (
				6473EE3D3AF3C9D06B08C629 /* [CP] Check Pods Manifest.lock */,
				61C3417A24EC7A2F0065C5D4 /* Sources */,
				61C3417B24EC7A2F0065C5D4 /* Frameworks */,
				61C3417C24EC7A2F0065C5D4 /* Resources */,
				F980F2305243F7F3D948482A /* [CP] Embed Pods Frameworks */,
				611B52892507CDD50049F9A4 /* Embed Frameworks */,
				2CFCDBB7278425FA0C8B3290 /* [CP] Copy Pods Resources */,
			);
			buildRules = (
			);
			dependencies = (
			);
			name = com.arrrink.StreetArtMarketplace;
			packageProductDependencies = (
				61A06B552510C49F0039ACD0 /* SDWebImageSwiftUI */,
				61A06B582510F54F0039ACD0 /* Alamofire */,
				613BD86C251374490000B9F8 /* SwiftUIMapView */,
				6146F315252254CC00410573 /* InputMask */,
				61C91CB62541DB4600DF6B85 /* Pages */,
			);
			productName = com.arrrink.StreetArtMarketplace;
			productReference = 61C3417E24EC7A2F0065C5D4 /* AN78.app */;
			productType = "com.apple.product-type.application";
		};
		61C3419324EC7A3B0065C5D4 /* com.arrrink.StreetArtMarketplaceTests */ = {
			isa = PBXNativeTarget;
			buildConfigurationList = 61C341AB24EC7A3B0065C5D4 /* Build configuration list for PBXNativeTarget "com.arrrink.StreetArtMarketplaceTests" */;
			buildPhases = (
				724BD6A0842486CB4A8D6102 /* [CP] Check Pods Manifest.lock */,
				61C3419024EC7A3B0065C5D4 /* Sources */,
				61C3419124EC7A3B0065C5D4 /* Frameworks */,
				61C3419224EC7A3B0065C5D4 /* Resources */,
			);
			buildRules = (
			);
			dependencies = (
				61C3419624EC7A3B0065C5D4 /* PBXTargetDependency */,
			);
			name = com.arrrink.StreetArtMarketplaceTests;
			productName = com.arrrink.StreetArtMarketplaceTests;
			productReference = 61C3419424EC7A3B0065C5D4 /* com.arrrink.StreetArtMarketplaceTests.xctest */;
			productType = "com.apple.product-type.bundle.unit-test";
		};
		61C3419E24EC7A3B0065C5D4 /* com.arrrink.StreetArtMarketplaceUITests */ = {
			isa = PBXNativeTarget;
			buildConfigurationList = 61C341AE24EC7A3B0065C5D4 /* Build configuration list for PBXNativeTarget "com.arrrink.StreetArtMarketplaceUITests" */;
			buildPhases = (
				6FC1F75F821F8A2B4F3FD4AD /* [CP] Check Pods Manifest.lock */,
				61C3419B24EC7A3B0065C5D4 /* Sources */,
				61C3419C24EC7A3B0065C5D4 /* Frameworks */,
				61C3419D24EC7A3B0065C5D4 /* Resources */,
				DA15F3B8715C4D86F3A03A1B /* [CP] Embed Pods Frameworks */,
				879402BBEC902439CC95F071 /* [CP] Copy Pods Resources */,
			);
			buildRules = (
			);
			dependencies = (
				61C341A124EC7A3B0065C5D4 /* PBXTargetDependency */,
			);
			name = com.arrrink.StreetArtMarketplaceUITests;
			productName = com.arrrink.StreetArtMarketplaceUITests;
			productReference = 61C3419F24EC7A3B0065C5D4 /* com.arrrink.StreetArtMarketplaceUITests.xctest */;
			productType = "com.apple.product-type.bundle.ui-testing";
		};
/* End PBXNativeTarget section */

/* Begin PBXProject section */
		61C3417624EC7A2E0065C5D4 /* Project object */ = {
			isa = PBXProject;
			attributes = {
				LastSwiftUpdateCheck = 1150;
				LastUpgradeCheck = 1200;
				ORGANIZATIONNAME = "Арина Нефёдова";
				TargetAttributes = {
					61C3417D24EC7A2F0065C5D4 = {
						CreatedOnToolsVersion = 11.5;
					};
					61C3419324EC7A3B0065C5D4 = {
						CreatedOnToolsVersion = 11.5;
						TestTargetID = 61C3417D24EC7A2F0065C5D4;
					};
					61C3419E24EC7A3B0065C5D4 = {
						CreatedOnToolsVersion = 11.5;
						TestTargetID = 61C3417D24EC7A2F0065C5D4;
					};
				};
			};
			buildConfigurationList = 61C3417924EC7A2E0065C5D4 /* Build configuration list for PBXProject "com.arrrink.StreetArtMarketplace" */;
			compatibilityVersion = "Xcode 9.3";
			developmentRegion = en;
			hasScannedForEncodings = 0;
			knownRegions = (
				en,
				Base,
			);
			mainGroup = 61C3417524EC7A2E0065C5D4;
			packageReferences = (
				61A06B542510C49F0039ACD0 /* XCRemoteSwiftPackageReference "SDWebImageSwiftUI" */,
				61A06B572510F54F0039ACD0 /* XCRemoteSwiftPackageReference "Alamofire" */,
				613BD86B251374490000B9F8 /* XCRemoteSwiftPackageReference "swiftui-mapview" */,
				6146F314252254CB00410573 /* XCRemoteSwiftPackageReference "input-mask-ios" */,
				61C91CB52541DB4600DF6B85 /* XCRemoteSwiftPackageReference "Pages" */,
			);
			productRefGroup = 61C3417F24EC7A2F0065C5D4 /* Products */;
			projectDirPath = "";
			projectRoot = "";
			targets = (
				61C3417D24EC7A2F0065C5D4 /* com.arrrink.StreetArtMarketplace */,
				61C3419324EC7A3B0065C5D4 /* com.arrrink.StreetArtMarketplaceTests */,
				61C3419E24EC7A3B0065C5D4 /* com.arrrink.StreetArtMarketplaceUITests */,
			);
		};
/* End PBXProject section */

/* Begin PBXResourcesBuildPhase section */
		61C3417C24EC7A2F0065C5D4 /* Resources */ = {
			isa = PBXResourcesBuildPhase;
			buildActionMask = 2147483647;
			files = (
				61C3418E24EC7A3A0065C5D4 /* LaunchScreen.storyboard in Resources */,
				61C3418B24EC7A3A0065C5D4 /* Preview Assets.xcassets in Resources */,
				61C3418824EC7A3A0065C5D4 /* Assets.xcassets in Resources */,
				61CC2207254030EB002E3E03 /* launchscreen3.PNG in Resources */,
				619ABF2225431FBD00E2B4EE /* logomain.jpg in Resources */,
				61CC220B25403201002E3E03 /* launchscreen4.PNG in Resources */,
				61C91D562543167E00DF6B85 /* main.storyboard in Resources */,
				61EFD8342535A2F600F21580 /* GoogleService-Info.plist in Resources */,
				61A89C68251F45FB00883023 /* GoogleService-Info34.plist in Resources */,
				611A5DD62535E51D00872513 /* overlay.json in Resources */,
				611A5DDF2535F85100872513 /* darkoverlay.json in Resources */,
			);
			runOnlyForDeploymentPostprocessing = 0;
		};
		61C3419224EC7A3B0065C5D4 /* Resources */ = {
			isa = PBXResourcesBuildPhase;
			buildActionMask = 2147483647;
			files = (
			);
			runOnlyForDeploymentPostprocessing = 0;
		};
		61C3419D24EC7A3B0065C5D4 /* Resources */ = {
			isa = PBXResourcesBuildPhase;
			buildActionMask = 2147483647;
			files = (
			);
			runOnlyForDeploymentPostprocessing = 0;
		};
/* End PBXResourcesBuildPhase section */

/* Begin PBXShellScriptBuildPhase section */
		2CFCDBB7278425FA0C8B3290 /* [CP] Copy Pods Resources */ = {
			isa = PBXShellScriptBuildPhase;
			buildActionMask = 2147483647;
			files = (
			);
			inputFileListPaths = (
				"${PODS_ROOT}/Target Support Files/Pods-com.arrrink.StreetArtMarketplace/Pods-com.arrrink.StreetArtMarketplace-resources-${CONFIGURATION}-input-files.xcfilelist",
			);
			name = "[CP] Copy Pods Resources";
			outputFileListPaths = (
				"${PODS_ROOT}/Target Support Files/Pods-com.arrrink.StreetArtMarketplace/Pods-com.arrrink.StreetArtMarketplace-resources-${CONFIGURATION}-output-files.xcfilelist",
			);
			runOnlyForDeploymentPostprocessing = 0;
			shellPath = /bin/sh;
			shellScript = "\"${PODS_ROOT}/Target Support Files/Pods-com.arrrink.StreetArtMarketplace/Pods-com.arrrink.StreetArtMarketplace-resources.sh\"\n";
			showEnvVarsInLog = 0;
		};
		6473EE3D3AF3C9D06B08C629 /* [CP] Check Pods Manifest.lock */ = {
			isa = PBXShellScriptBuildPhase;
			buildActionMask = 2147483647;
			files = (
			);
			inputFileListPaths = (
			);
			inputPaths = (
				"${PODS_PODFILE_DIR_PATH}/Podfile.lock",
				"${PODS_ROOT}/Manifest.lock",
			);
			name = "[CP] Check Pods Manifest.lock";
			outputFileListPaths = (
			);
			outputPaths = (
				"$(DERIVED_FILE_DIR)/Pods-com.arrrink.StreetArtMarketplace-checkManifestLockResult.txt",
			);
			runOnlyForDeploymentPostprocessing = 0;
			shellPath = /bin/sh;
			shellScript = "diff \"${PODS_PODFILE_DIR_PATH}/Podfile.lock\" \"${PODS_ROOT}/Manifest.lock\" > /dev/null\nif [ $? != 0 ] ; then\n    # print error to STDERR\n    echo \"error: The sandbox is not in sync with the Podfile.lock. Run 'pod install' or update your CocoaPods installation.\" >&2\n    exit 1\nfi\n# This output is used by Xcode 'outputs' to avoid re-running this script phase.\necho \"SUCCESS\" > \"${SCRIPT_OUTPUT_FILE_0}\"\n";
			showEnvVarsInLog = 0;
		};
		6FC1F75F821F8A2B4F3FD4AD /* [CP] Check Pods Manifest.lock */ = {
			isa = PBXShellScriptBuildPhase;
			buildActionMask = 2147483647;
			files = (
			);
			inputFileListPaths = (
			);
			inputPaths = (
				"${PODS_PODFILE_DIR_PATH}/Podfile.lock",
				"${PODS_ROOT}/Manifest.lock",
			);
			name = "[CP] Check Pods Manifest.lock";
			outputFileListPaths = (
			);
			outputPaths = (
				"$(DERIVED_FILE_DIR)/Pods-com.arrrink.StreetArtMarketplace-com.arrrink.StreetArtMarketplaceUITests-checkManifestLockResult.txt",
			);
			runOnlyForDeploymentPostprocessing = 0;
			shellPath = /bin/sh;
			shellScript = "diff \"${PODS_PODFILE_DIR_PATH}/Podfile.lock\" \"${PODS_ROOT}/Manifest.lock\" > /dev/null\nif [ $? != 0 ] ; then\n    # print error to STDERR\n    echo \"error: The sandbox is not in sync with the Podfile.lock. Run 'pod install' or update your CocoaPods installation.\" >&2\n    exit 1\nfi\n# This output is used by Xcode 'outputs' to avoid re-running this script phase.\necho \"SUCCESS\" > \"${SCRIPT_OUTPUT_FILE_0}\"\n";
			showEnvVarsInLog = 0;
		};
		724BD6A0842486CB4A8D6102 /* [CP] Check Pods Manifest.lock */ = {
			isa = PBXShellScriptBuildPhase;
			buildActionMask = 2147483647;
			files = (
			);
			inputFileListPaths = (
			);
			inputPaths = (
				"${PODS_PODFILE_DIR_PATH}/Podfile.lock",
				"${PODS_ROOT}/Manifest.lock",
			);
			name = "[CP] Check Pods Manifest.lock";
			outputFileListPaths = (
			);
			outputPaths = (
				"$(DERIVED_FILE_DIR)/Pods-com.arrrink.StreetArtMarketplaceTests-checkManifestLockResult.txt",
			);
			runOnlyForDeploymentPostprocessing = 0;
			shellPath = /bin/sh;
			shellScript = "diff \"${PODS_PODFILE_DIR_PATH}/Podfile.lock\" \"${PODS_ROOT}/Manifest.lock\" > /dev/null\nif [ $? != 0 ] ; then\n    # print error to STDERR\n    echo \"error: The sandbox is not in sync with the Podfile.lock. Run 'pod install' or update your CocoaPods installation.\" >&2\n    exit 1\nfi\n# This output is used by Xcode 'outputs' to avoid re-running this script phase.\necho \"SUCCESS\" > \"${SCRIPT_OUTPUT_FILE_0}\"\n";
			showEnvVarsInLog = 0;
		};
		879402BBEC902439CC95F071 /* [CP] Copy Pods Resources */ = {
			isa = PBXShellScriptBuildPhase;
			buildActionMask = 2147483647;
			files = (
			);
			inputFileListPaths = (
				"${PODS_ROOT}/Target Support Files/Pods-com.arrrink.StreetArtMarketplace-com.arrrink.StreetArtMarketplaceUITests/Pods-com.arrrink.StreetArtMarketplace-com.arrrink.StreetArtMarketplaceUITests-resources-${CONFIGURATION}-input-files.xcfilelist",
			);
			name = "[CP] Copy Pods Resources";
			outputFileListPaths = (
				"${PODS_ROOT}/Target Support Files/Pods-com.arrrink.StreetArtMarketplace-com.arrrink.StreetArtMarketplaceUITests/Pods-com.arrrink.StreetArtMarketplace-com.arrrink.StreetArtMarketplaceUITests-resources-${CONFIGURATION}-output-files.xcfilelist",
			);
			runOnlyForDeploymentPostprocessing = 0;
			shellPath = /bin/sh;
			shellScript = "\"${PODS_ROOT}/Target Support Files/Pods-com.arrrink.StreetArtMarketplace-com.arrrink.StreetArtMarketplaceUITests/Pods-com.arrrink.StreetArtMarketplace-com.arrrink.StreetArtMarketplaceUITests-resources.sh\"\n";
			showEnvVarsInLog = 0;
		};
		DA15F3B8715C4D86F3A03A1B /* [CP] Embed Pods Frameworks */ = {
			isa = PBXShellScriptBuildPhase;
			buildActionMask = 2147483647;
			files = (
			);
			inputFileListPaths = (
				"${PODS_ROOT}/Target Support Files/Pods-com.arrrink.StreetArtMarketplace-com.arrrink.StreetArtMarketplaceUITests/Pods-com.arrrink.StreetArtMarketplace-com.arrrink.StreetArtMarketplaceUITests-frameworks-${CONFIGURATION}-input-files.xcfilelist",
			);
			name = "[CP] Embed Pods Frameworks";
			outputFileListPaths = (
				"${PODS_ROOT}/Target Support Files/Pods-com.arrrink.StreetArtMarketplace-com.arrrink.StreetArtMarketplaceUITests/Pods-com.arrrink.StreetArtMarketplace-com.arrrink.StreetArtMarketplaceUITests-frameworks-${CONFIGURATION}-output-files.xcfilelist",
			);
			runOnlyForDeploymentPostprocessing = 0;
			shellPath = /bin/sh;
			shellScript = "\"${PODS_ROOT}/Target Support Files/Pods-com.arrrink.StreetArtMarketplace-com.arrrink.StreetArtMarketplaceUITests/Pods-com.arrrink.StreetArtMarketplace-com.arrrink.StreetArtMarketplaceUITests-frameworks.sh\"\n";
			showEnvVarsInLog = 0;
		};
		F980F2305243F7F3D948482A /* [CP] Embed Pods Frameworks */ = {
			isa = PBXShellScriptBuildPhase;
			buildActionMask = 2147483647;
			files = (
			);
			inputFileListPaths = (
				"${PODS_ROOT}/Target Support Files/Pods-com.arrrink.StreetArtMarketplace/Pods-com.arrrink.StreetArtMarketplace-frameworks-${CONFIGURATION}-input-files.xcfilelist",
			);
			name = "[CP] Embed Pods Frameworks";
			outputFileListPaths = (
				"${PODS_ROOT}/Target Support Files/Pods-com.arrrink.StreetArtMarketplace/Pods-com.arrrink.StreetArtMarketplace-frameworks-${CONFIGURATION}-output-files.xcfilelist",
			);
			runOnlyForDeploymentPostprocessing = 0;
			shellPath = /bin/sh;
			shellScript = "\"${PODS_ROOT}/Target Support Files/Pods-com.arrrink.StreetArtMarketplace/Pods-com.arrrink.StreetArtMarketplace-frameworks.sh\"\n";
			showEnvVarsInLog = 0;
		};
/* End PBXShellScriptBuildPhase section */

/* Begin PBXSourcesBuildPhase section */
		61C3417A24EC7A2F0065C5D4 /* Sources */ = {
			isa = PBXSourcesBuildPhase;
			buildActionMask = 2147483647;
			files = (
				61432C3424EC91DF00E9A141 /* LoadingRectangle.swift in Sources */,
				61C3418224EC7A2F0065C5D4 /* AppDelegate.swift in Sources */,
				61259149250AADFD00B62B75 /* MapView.swift in Sources */,
				61432C3A24EEACA700E9A141 /* extensions.swift in Sources */,
				61CC2211254095D6002E3E03 /* CellFlat.swift in Sources */,
				611A5DF52536665100872513 /* FilterView.swift in Sources */,
				61432C3324EC91DF00E9A141 /* StoryTimer.swift in Sources */,
				61432C3824EE7B3700E9A141 /* SearchView.swift in Sources */,
				613BD86F251383B40000B9F8 /* CustomAnnotationView.swift in Sources */,
				61B0EF342507F04A0053A472 /* LoadStoryImage.swift in Sources */,
				6146F30A2522064000410573 /* LoginView.swift in Sources */,
				61B256EF2540281D001271D5 /* DetailFlatView.swift in Sources */,
				6189144B253F21FD001914A8 /* CellObject.swift in Sources */,
				6146F306252205D500410573 /* SessionStore.swift in Sources */,
				61C3418424EC7A2F0065C5D4 /* SceneDelegate.swift in Sources */,
				6138318F252F58E9006A12D5 /* GetFlatsData.swift in Sources */,
				6130448F254384CE00807952 /* VRDestination.swift in Sources */,
				61C91D1025430D8800DF6B85 /* ARViewController.swift in Sources */,
				610BB2EE2525FE6E00C9A329 /* IpotekaView.swift in Sources */,
				61432C3624EDC9EE00E9A141 /* StoryView.swift in Sources */,
				61383185252F5393006A12D5 /* LoaderView.swift in Sources */,
				618DE305251F1E420045587E /* FirstLaunchView.swift in Sources */,
				611A5DF925366EED00872513 /* To.swift in Sources */,
				61C3418624EC7A2F0065C5D4 /* ContentView.swift in Sources */,
			);
			runOnlyForDeploymentPostprocessing = 0;
		};
		61C3419024EC7A3B0065C5D4 /* Sources */ = {
			isa = PBXSourcesBuildPhase;
			buildActionMask = 2147483647;
			files = (
				61C3419924EC7A3B0065C5D4 /* com_arrrink_StreetArtMarketplaceTests.swift in Sources */,
			);
			runOnlyForDeploymentPostprocessing = 0;
		};
		61C3419B24EC7A3B0065C5D4 /* Sources */ = {
			isa = PBXSourcesBuildPhase;
			buildActionMask = 2147483647;
			files = (
				61C341A424EC7A3B0065C5D4 /* com_arrrink_StreetArtMarketplaceUITests.swift in Sources */,
			);
			runOnlyForDeploymentPostprocessing = 0;
		};
/* End PBXSourcesBuildPhase section */

/* Begin PBXTargetDependency section */
		61C3419624EC7A3B0065C5D4 /* PBXTargetDependency */ = {
			isa = PBXTargetDependency;
			target = 61C3417D24EC7A2F0065C5D4 /* com.arrrink.StreetArtMarketplace */;
			targetProxy = 61C3419524EC7A3B0065C5D4 /* PBXContainerItemProxy */;
		};
		61C341A124EC7A3B0065C5D4 /* PBXTargetDependency */ = {
			isa = PBXTargetDependency;
			target = 61C3417D24EC7A2F0065C5D4 /* com.arrrink.StreetArtMarketplace */;
			targetProxy = 61C341A024EC7A3B0065C5D4 /* PBXContainerItemProxy */;
		};
/* End PBXTargetDependency section */

/* Begin PBXVariantGroup section */
		61C3418C24EC7A3A0065C5D4 /* LaunchScreen.storyboard */ = {
			isa = PBXVariantGroup;
			children = (
				61C3418D24EC7A3A0065C5D4 /* Base */,
			);
			name = LaunchScreen.storyboard;
			sourceTree = "<group>";
		};
/* End PBXVariantGroup section */

/* Begin XCBuildConfiguration section */
		61C341A624EC7A3B0065C5D4 /* Debug */ = {
			isa = XCBuildConfiguration;
			buildSettings = {
				ALWAYS_SEARCH_USER_PATHS = NO;
				CLANG_ANALYZER_NONNULL = YES;
				CLANG_ANALYZER_NUMBER_OBJECT_CONVERSION = YES_AGGRESSIVE;
				CLANG_CXX_LANGUAGE_STANDARD = "gnu++14";
				CLANG_CXX_LIBRARY = "libc++";
				CLANG_ENABLE_MODULES = YES;
				CLANG_ENABLE_OBJC_ARC = YES;
				CLANG_ENABLE_OBJC_WEAK = YES;
				CLANG_WARN_BLOCK_CAPTURE_AUTORELEASING = YES;
				CLANG_WARN_BOOL_CONVERSION = YES;
				CLANG_WARN_COMMA = YES;
				CLANG_WARN_CONSTANT_CONVERSION = YES;
				CLANG_WARN_DEPRECATED_OBJC_IMPLEMENTATIONS = YES;
				CLANG_WARN_DIRECT_OBJC_ISA_USAGE = YES_ERROR;
				CLANG_WARN_DOCUMENTATION_COMMENTS = YES;
				CLANG_WARN_EMPTY_BODY = YES;
				CLANG_WARN_ENUM_CONVERSION = YES;
				CLANG_WARN_INFINITE_RECURSION = YES;
				CLANG_WARN_INT_CONVERSION = YES;
				CLANG_WARN_NON_LITERAL_NULL_CONVERSION = YES;
				CLANG_WARN_OBJC_IMPLICIT_RETAIN_SELF = YES;
				CLANG_WARN_OBJC_LITERAL_CONVERSION = YES;
				CLANG_WARN_OBJC_ROOT_CLASS = YES_ERROR;
				CLANG_WARN_QUOTED_INCLUDE_IN_FRAMEWORK_HEADER = YES;
				CLANG_WARN_RANGE_LOOP_ANALYSIS = YES;
				CLANG_WARN_STRICT_PROTOTYPES = YES;
				CLANG_WARN_SUSPICIOUS_MOVE = YES;
				CLANG_WARN_UNGUARDED_AVAILABILITY = YES_AGGRESSIVE;
				CLANG_WARN_UNREACHABLE_CODE = YES;
				CLANG_WARN__DUPLICATE_METHOD_MATCH = YES;
				COPY_PHASE_STRIP = NO;
				DEBUG_INFORMATION_FORMAT = dwarf;
				ENABLE_STRICT_OBJC_MSGSEND = YES;
				ENABLE_TESTABILITY = YES;
				GCC_C_LANGUAGE_STANDARD = gnu11;
				GCC_DYNAMIC_NO_PIC = NO;
				GCC_NO_COMMON_BLOCKS = YES;
				GCC_OPTIMIZATION_LEVEL = 0;
				GCC_PREPROCESSOR_DEFINITIONS = (
					"DEBUG=1",
					"$(inherited)",
				);
				GCC_WARN_64_TO_32_BIT_CONVERSION = YES;
				GCC_WARN_ABOUT_RETURN_TYPE = YES_ERROR;
				GCC_WARN_UNDECLARED_SELECTOR = YES;
				GCC_WARN_UNINITIALIZED_AUTOS = YES_AGGRESSIVE;
				GCC_WARN_UNUSED_FUNCTION = YES;
				GCC_WARN_UNUSED_VARIABLE = YES;
				IPHONEOS_DEPLOYMENT_TARGET = 13.0;
				MTL_ENABLE_DEBUG_INFO = INCLUDE_SOURCE;
				MTL_FAST_MATH = YES;
				ONLY_ACTIVE_ARCH = YES;
				SDKROOT = iphoneos;
				SWIFT_ACTIVE_COMPILATION_CONDITIONS = DEBUG;
				SWIFT_OPTIMIZATION_LEVEL = "-Onone";
			};
			name = Debug;
		};
		61C341A724EC7A3B0065C5D4 /* Release */ = {
			isa = XCBuildConfiguration;
			buildSettings = {
				ALWAYS_SEARCH_USER_PATHS = NO;
				CLANG_ANALYZER_NONNULL = YES;
				CLANG_ANALYZER_NUMBER_OBJECT_CONVERSION = YES_AGGRESSIVE;
				CLANG_CXX_LANGUAGE_STANDARD = "gnu++14";
				CLANG_CXX_LIBRARY = "libc++";
				CLANG_ENABLE_MODULES = YES;
				CLANG_ENABLE_OBJC_ARC = YES;
				CLANG_ENABLE_OBJC_WEAK = YES;
				CLANG_WARN_BLOCK_CAPTURE_AUTORELEASING = YES;
				CLANG_WARN_BOOL_CONVERSION = YES;
				CLANG_WARN_COMMA = YES;
				CLANG_WARN_CONSTANT_CONVERSION = YES;
				CLANG_WARN_DEPRECATED_OBJC_IMPLEMENTATIONS = YES;
				CLANG_WARN_DIRECT_OBJC_ISA_USAGE = YES_ERROR;
				CLANG_WARN_DOCUMENTATION_COMMENTS = YES;
				CLANG_WARN_EMPTY_BODY = YES;
				CLANG_WARN_ENUM_CONVERSION = YES;
				CLANG_WARN_INFINITE_RECURSION = YES;
				CLANG_WARN_INT_CONVERSION = YES;
				CLANG_WARN_NON_LITERAL_NULL_CONVERSION = YES;
				CLANG_WARN_OBJC_IMPLICIT_RETAIN_SELF = YES;
				CLANG_WARN_OBJC_LITERAL_CONVERSION = YES;
				CLANG_WARN_OBJC_ROOT_CLASS = YES_ERROR;
				CLANG_WARN_QUOTED_INCLUDE_IN_FRAMEWORK_HEADER = YES;
				CLANG_WARN_RANGE_LOOP_ANALYSIS = YES;
				CLANG_WARN_STRICT_PROTOTYPES = YES;
				CLANG_WARN_SUSPICIOUS_MOVE = YES;
				CLANG_WARN_UNGUARDED_AVAILABILITY = YES_AGGRESSIVE;
				CLANG_WARN_UNREACHABLE_CODE = YES;
				CLANG_WARN__DUPLICATE_METHOD_MATCH = YES;
				COPY_PHASE_STRIP = NO;
				DEBUG_INFORMATION_FORMAT = "dwarf-with-dsym";
				ENABLE_NS_ASSERTIONS = NO;
				ENABLE_STRICT_OBJC_MSGSEND = YES;
				GCC_C_LANGUAGE_STANDARD = gnu11;
				GCC_NO_COMMON_BLOCKS = YES;
				GCC_WARN_64_TO_32_BIT_CONVERSION = YES;
				GCC_WARN_ABOUT_RETURN_TYPE = YES_ERROR;
				GCC_WARN_UNDECLARED_SELECTOR = YES;
				GCC_WARN_UNINITIALIZED_AUTOS = YES_AGGRESSIVE;
				GCC_WARN_UNUSED_FUNCTION = YES;
				GCC_WARN_UNUSED_VARIABLE = YES;
				IPHONEOS_DEPLOYMENT_TARGET = 13.0;
				MTL_ENABLE_DEBUG_INFO = NO;
				MTL_FAST_MATH = YES;
				SDKROOT = iphoneos;
				SWIFT_COMPILATION_MODE = wholemodule;
				SWIFT_OPTIMIZATION_LEVEL = "-O";
				VALIDATE_PRODUCT = YES;
			};
			name = Release;
		};
		61C341A924EC7A3B0065C5D4 /* Debug */ = {
			isa = XCBuildConfiguration;
			baseConfigurationReference = BB5FCF3CBFC3DDD7DFB99F04 /* Pods-com.arrrink.StreetArtMarketplace.debug.xcconfig */;
			buildSettings = {
				ASSETCATALOG_COMPILER_APPICON_NAME = AppIcon;
				CODE_SIGN_STYLE = Automatic;
				DEVELOPMENT_ASSET_PATHS = "\"com.arrrink.StreetArtMarketplace/Preview Content\"";
				DEVELOPMENT_TEAM = QD79G26U3W;
				ENABLE_PREVIEWS = YES;
				INFOPLIST_FILE = com.arrrink.StreetArtMarketplace/Info.plist;
				IPHONEOS_DEPLOYMENT_TARGET = 13.0;
				LD_RUNPATH_SEARCH_PATHS = (
					"$(inherited)",
					"@executable_path/Frameworks",
				);
				PRODUCT_BUNDLE_IDENTIFIER = com.arrrink.an782;
				PRODUCT_NAME = AN78;
				SWIFT_OBJC_BRIDGING_HEADER = "";
				SWIFT_VERSION = 5.0;
				TARGETED_DEVICE_FAMILY = "1,2";
			};
			name = Debug;
		};
		61C341AA24EC7A3B0065C5D4 /* Release */ = {
			isa = XCBuildConfiguration;
			baseConfigurationReference = F2D5D770B730FE27B6AA97B7 /* Pods-com.arrrink.StreetArtMarketplace.release.xcconfig */;
			buildSettings = {
				ASSETCATALOG_COMPILER_APPICON_NAME = AppIcon;
				CODE_SIGN_STYLE = Automatic;
				DEVELOPMENT_ASSET_PATHS = "\"com.arrrink.StreetArtMarketplace/Preview Content\"";
				DEVELOPMENT_TEAM = QD79G26U3W;
				ENABLE_PREVIEWS = YES;
				INFOPLIST_FILE = com.arrrink.StreetArtMarketplace/Info.plist;
				IPHONEOS_DEPLOYMENT_TARGET = 13.0;
				LD_RUNPATH_SEARCH_PATHS = (
					"$(inherited)",
					"@executable_path/Frameworks",
				);
				PRODUCT_BUNDLE_IDENTIFIER = com.arrrink.an782;
				PRODUCT_NAME = AN78;
				SWIFT_OBJC_BRIDGING_HEADER = "";
				SWIFT_VERSION = 5.0;
				TARGETED_DEVICE_FAMILY = "1,2";
			};
			name = Release;
		};
		61C341AC24EC7A3B0065C5D4 /* Debug */ = {
			isa = XCBuildConfiguration;
			baseConfigurationReference = E5951982F7E242273A705EF6 /* Pods-com.arrrink.StreetArtMarketplaceTests.debug.xcconfig */;
			buildSettings = {
				ALWAYS_EMBED_SWIFT_STANDARD_LIBRARIES = YES;
				BUNDLE_LOADER = "$(TEST_HOST)";
				CODE_SIGN_STYLE = Automatic;
				DEVELOPMENT_TEAM = QD79G26U3W;
				INFOPLIST_FILE = com.arrrink.StreetArtMarketplaceTests/Info.plist;
				IPHONEOS_DEPLOYMENT_TARGET = 13.5;
				LD_RUNPATH_SEARCH_PATHS = (
					"$(inherited)",
					"@executable_path/Frameworks",
					"@loader_path/Frameworks",
				);
				PRODUCT_BUNDLE_IDENTIFIER = "-.com-arrrink-StreetArtMarketplaceTests";
				PRODUCT_NAME = "$(TARGET_NAME)";
				SWIFT_VERSION = 5.0;
				TARGETED_DEVICE_FAMILY = "1,2";
				TEST_HOST = "$(BUILT_PRODUCTS_DIR)/com.arrrink.StreetArtMarketplace.app/com.arrrink.StreetArtMarketplace";
			};
			name = Debug;
		};
		61C341AD24EC7A3B0065C5D4 /* Release */ = {
			isa = XCBuildConfiguration;
			baseConfigurationReference = 2254579784634310ED6AC71B /* Pods-com.arrrink.StreetArtMarketplaceTests.release.xcconfig */;
			buildSettings = {
				ALWAYS_EMBED_SWIFT_STANDARD_LIBRARIES = YES;
				BUNDLE_LOADER = "$(TEST_HOST)";
				CODE_SIGN_STYLE = Automatic;
				DEVELOPMENT_TEAM = QD79G26U3W;
				INFOPLIST_FILE = com.arrrink.StreetArtMarketplaceTests/Info.plist;
				IPHONEOS_DEPLOYMENT_TARGET = 13.5;
				LD_RUNPATH_SEARCH_PATHS = (
					"$(inherited)",
					"@executable_path/Frameworks",
					"@loader_path/Frameworks",
				);
				PRODUCT_BUNDLE_IDENTIFIER = "-.com-arrrink-StreetArtMarketplaceTests";
				PRODUCT_NAME = "$(TARGET_NAME)";
				SWIFT_VERSION = 5.0;
				TARGETED_DEVICE_FAMILY = "1,2";
				TEST_HOST = "$(BUILT_PRODUCTS_DIR)/com.arrrink.StreetArtMarketplace.app/com.arrrink.StreetArtMarketplace";
			};
			name = Release;
		};
		61C341AF24EC7A3B0065C5D4 /* Debug */ = {
			isa = XCBuildConfiguration;
			baseConfigurationReference = ABE27AE7DA71E9A669675AA8 /* Pods-com.arrrink.StreetArtMarketplace-com.arrrink.StreetArtMarketplaceUITests.debug.xcconfig */;
			buildSettings = {
				ALWAYS_EMBED_SWIFT_STANDARD_LIBRARIES = YES;
				CODE_SIGN_STYLE = Automatic;
				DEVELOPMENT_TEAM = QD79G26U3W;
				INFOPLIST_FILE = com.arrrink.StreetArtMarketplaceUITests/Info.plist;
				LD_RUNPATH_SEARCH_PATHS = (
					"$(inherited)",
					"@executable_path/Frameworks",
					"@loader_path/Frameworks",
				);
				PRODUCT_BUNDLE_IDENTIFIER = "-.com-arrrink-StreetArtMarketplaceUITests";
				PRODUCT_NAME = "$(TARGET_NAME)";
				SWIFT_VERSION = 5.0;
				TARGETED_DEVICE_FAMILY = "1,2";
				TEST_TARGET_NAME = com.arrrink.StreetArtMarketplace;
			};
			name = Debug;
		};
		61C341B024EC7A3B0065C5D4 /* Release */ = {
			isa = XCBuildConfiguration;
			baseConfigurationReference = 2F5AAB612638E605DFB4B28C /* Pods-com.arrrink.StreetArtMarketplace-com.arrrink.StreetArtMarketplaceUITests.release.xcconfig */;
			buildSettings = {
				ALWAYS_EMBED_SWIFT_STANDARD_LIBRARIES = YES;
				CODE_SIGN_STYLE = Automatic;
				DEVELOPMENT_TEAM = QD79G26U3W;
				INFOPLIST_FILE = com.arrrink.StreetArtMarketplaceUITests/Info.plist;
				LD_RUNPATH_SEARCH_PATHS = (
					"$(inherited)",
					"@executable_path/Frameworks",
					"@loader_path/Frameworks",
				);
				PRODUCT_BUNDLE_IDENTIFIER = "-.com-arrrink-StreetArtMarketplaceUITests";
				PRODUCT_NAME = "$(TARGET_NAME)";
				SWIFT_VERSION = 5.0;
				TARGETED_DEVICE_FAMILY = "1,2";
				TEST_TARGET_NAME = com.arrrink.StreetArtMarketplace;
			};
			name = Release;
		};
/* End XCBuildConfiguration section */

/* Begin XCConfigurationList section */
		61C3417924EC7A2E0065C5D4 /* Build configuration list for PBXProject "com.arrrink.StreetArtMarketplace" */ = {
			isa = XCConfigurationList;
			buildConfigurations = (
				61C341A624EC7A3B0065C5D4 /* Debug */,
				61C341A724EC7A3B0065C5D4 /* Release */,
			);
			defaultConfigurationIsVisible = 0;
			defaultConfigurationName = Release;
		};
		61C341A824EC7A3B0065C5D4 /* Build configuration list for PBXNativeTarget "com.arrrink.StreetArtMarketplace" */ = {
			isa = XCConfigurationList;
			buildConfigurations = (
				61C341A924EC7A3B0065C5D4 /* Debug */,
				61C341AA24EC7A3B0065C5D4 /* Release */,
			);
			defaultConfigurationIsVisible = 0;
			defaultConfigurationName = Release;
		};
		61C341AB24EC7A3B0065C5D4 /* Build configuration list for PBXNativeTarget "com.arrrink.StreetArtMarketplaceTests" */ = {
			isa = XCConfigurationList;
			buildConfigurations = (
				61C341AC24EC7A3B0065C5D4 /* Debug */,
				61C341AD24EC7A3B0065C5D4 /* Release */,
			);
			defaultConfigurationIsVisible = 0;
			defaultConfigurationName = Release;
		};
		61C341AE24EC7A3B0065C5D4 /* Build configuration list for PBXNativeTarget "com.arrrink.StreetArtMarketplaceUITests" */ = {
			isa = XCConfigurationList;
			buildConfigurations = (
				61C341AF24EC7A3B0065C5D4 /* Debug */,
				61C341B024EC7A3B0065C5D4 /* Release */,
			);
			defaultConfigurationIsVisible = 0;
			defaultConfigurationName = Release;
		};
/* End XCConfigurationList section */

/* Begin XCRemoteSwiftPackageReference section */
		613BD86B251374490000B9F8 /* XCRemoteSwiftPackageReference "swiftui-mapview" */ = {
			isa = XCRemoteSwiftPackageReference;
			repositoryURL = "https://github.com/sgade/swiftui-mapview";
			requirement = {
				kind = upToNextMajorVersion;
				minimumVersion = 1.2.0;
			};
		};
		6146F314252254CB00410573 /* XCRemoteSwiftPackageReference "input-mask-ios" */ = {
			isa = XCRemoteSwiftPackageReference;
			repositoryURL = "https://github.com/RedMadRobot/input-mask-ios.git";
			requirement = {
				kind = upToNextMajorVersion;
				minimumVersion = 6.0.0;
			};
		};
		61A06B542510C49F0039ACD0 /* XCRemoteSwiftPackageReference "SDWebImageSwiftUI" */ = {
			isa = XCRemoteSwiftPackageReference;
			repositoryURL = "https://github.com/SDWebImage/SDWebImageSwiftUI.git";
			requirement = {
				kind = upToNextMajorVersion;
				minimumVersion = 1.5.0;
			};
		};
		61A06B572510F54F0039ACD0 /* XCRemoteSwiftPackageReference "Alamofire" */ = {
			isa = XCRemoteSwiftPackageReference;
			repositoryURL = "https://github.com/Alamofire/Alamofire.git";
			requirement = {
				kind = upToNextMajorVersion;
				minimumVersion = 5.2.2;
			};
		};
		61C91CB52541DB4600DF6B85 /* XCRemoteSwiftPackageReference "Pages" */ = {
			isa = XCRemoteSwiftPackageReference;
			repositoryURL = "https://github.com/nachonavarro/Pages";
			requirement = {
				kind = upToNextMajorVersion;
				minimumVersion = 0.1.5;
			};
		};
/* End XCRemoteSwiftPackageReference section */

/* Begin XCSwiftPackageProductDependency section */
		613BD86C251374490000B9F8 /* SwiftUIMapView */ = {
			isa = XCSwiftPackageProductDependency;
			package = 613BD86B251374490000B9F8 /* XCRemoteSwiftPackageReference "swiftui-mapview" */;
			productName = SwiftUIMapView;
		};
		6146F315252254CC00410573 /* InputMask */ = {
			isa = XCSwiftPackageProductDependency;
			package = 6146F314252254CB00410573 /* XCRemoteSwiftPackageReference "input-mask-ios" */;
			productName = InputMask;
		};
		61A06B552510C49F0039ACD0 /* SDWebImageSwiftUI */ = {
			isa = XCSwiftPackageProductDependency;
			package = 61A06B542510C49F0039ACD0 /* XCRemoteSwiftPackageReference "SDWebImageSwiftUI" */;
			productName = SDWebImageSwiftUI;
		};
		61A06B582510F54F0039ACD0 /* Alamofire */ = {
			isa = XCSwiftPackageProductDependency;
			package = 61A06B572510F54F0039ACD0 /* XCRemoteSwiftPackageReference "Alamofire" */;
			productName = Alamofire;
		};
		61C91CB62541DB4600DF6B85 /* Pages */ = {
			isa = XCSwiftPackageProductDependency;
			package = 61C91CB52541DB4600DF6B85 /* XCRemoteSwiftPackageReference "Pages" */;
			productName = Pages;
		};
/* End XCSwiftPackageProductDependency section */
	};
	rootObject = 61C3417624EC7A2E0065C5D4 /* Project object */;
}
